
Microsoft Visual Studio Solution File, Format Version 12.00
# Visual Studio Version 16
VisualStudioVersion = 16.0.31424.327
MinimumVisualStudioVersion = 10.0.40219.1
Project("{9A19103F-16F7-4668-BE54-9A1E7A4F7556}") = "Cms.Web", "Cms.Web\Cms.Web.csproj", "{9BF0B71E-5C27-4F4F-9735-05B5A5CBDC3E}"
EndProject
Project("{9A19103F-16F7-4668-BE54-9A1E7A4F7556}") = "OrchardCore.BookServices", "..\..\OrchardCore\OrchardCore\src\OrchardCore.Modules\OrchardCore.BookServices\OrchardCore.BookServices.csproj", "{01760991-4FFE-4E90-9551-A868C94985C1}"
EndProject
Global
	GlobalSection(SolutionConfigurationPlatforms) = preSolution
		Debug|Any CPU = Debug|Any CPU
		Release|Any CPU = Release|Any CPU
	EndGlobalSection
	GlobalSection(ProjectConfigurationPlatforms) = postSolution
		{9BF0B71E-5C27-4F4F-9735-05B5A5CBDC3E}.Debug|Any CPU.ActiveCfg = Debug|Any CPU
		{9BF0B71E-5C27-4F4F-9735-05B5A5CBDC3E}.Debug|Any CPU.Build.0 = Debug|Any CPU
		{9BF0B71E-5C27-4F4F-9735-05B5A5CBDC3E}.Release|Any CPU.ActiveCfg = Release|Any CPU
		{9BF0B71E-5C27-4F4F-9735-05B5A5CBDC3E}.Release|Any CPU.Build.0 = Release|Any CPU
		{01760991-4FFE-4E90-9551-A868C94985C1}.Debug|Any CPU.ActiveCfg = Debug|Any CPU
		{01760991-4FFE-4E90-9551-A868C94985C1}.Debug|Any CPU.Build.0 = Debug|Any CPU
		{01760991-4FFE-4E90-9551-A868C94985C1}.Release|Any CPU.ActiveCfg = Release|Any CPU
		{01760991-4FFE-4E90-9551-A868C94985C1}.Release|Any CPU.Build.0 = Release|Any CPU
	EndGlobalSection
	GlobalSection(SolutionProperties) = preSolution
		HideSolutionNode = FALSE
	EndGlobalSection
	GlobalSection(ExtensibilityGlobals) = postSolution
		SolutionGuid = {AB8FC02B-A703-424E-B376-33FCBDB47DC3}
	EndGlobalSection
EndGlobal
